<?xml version="1.0" encoding="utf-8"?>
<Project ToolsVersion="4.0" xmlns="http://schemas.microsoft.com/developer/msbuild/2003">
  <ItemGroup>
    <Filter Include="Source Files">
      <UniqueIdentifier>{4FC737F1-C7A5-4376-A066-2A32D752A2FF}</UniqueIdentifier>
      <Extensions>cpp;c;cc;cxx;c++;cppm;ixx;def;odl;idl;hpj;bat;asm;asmx</Extensions>
    </Filter>
    <Filter Include="Header Files">
      <UniqueIdentifier>{93995380-89BD-4b04-88EB-625FBE52EBFB}</UniqueIdentifier>
      <Extensions>h;hh;hpp;hxx;h++;hm;inl;inc;ipp;xsd</Extensions>
    </Filter>
    <Filter Include="Resource Files">
      <UniqueIdentifier>{67DA6AB6-F800-4c08-8B7A-83BB121AAD01}</UniqueIdentifier>
      <Extensions>rc;ico;cur;bmp;dlg;rc2;rct;bin;rgs;gif;jpg;jpeg;jpe;resx;tiff;tif;png;wav;mfcribbon-ms</Extensions>
    </Filter>
  </ItemGroup>
  <ItemGroup>
    <ClCompile Include="pch.cpp">
      <Filter>Source Files</Filter>
    </ClCompile>
    <ClCompile Include="LlamaBoss.cpp">
      <Filter>Source Files</Filter>
    </ClCompile>
    <ClCompile Include="app_state.cpp">
      <Filter>Source Files</Filter>
    </ClCompile>
    <ClCompile Include="app.cpp">
      <Filter>Source Files</Filter>
    </ClCompile>
    <ClCompile Include="model_service.cpp">
      <Filter>Source Files</Filter>
    </ClCompile>
    <ClCompile Include="chat_client.cpp">
      <Filter>Source Files</Filter>
    </ClCompile>
    <ClCompile Include="lb_ssl.cpp">
      <Filter>Source Files</Filter>
    </ClCompile>
    <ClCompile Include="chat_display.cpp">
      <Filter>Source Files</Filter>
    </ClCompile>
    <ClCompile Include="attachment_manager.cpp">
      <Filter>Source Files</Filter>
    </ClCompile>
    <ClCompile Include="chat_history.cpp">
      <Filter>Source Files</Filter>
    </ClCompile>
    <ClCompile Include="conversation_sidebar.cpp">
      <Filter>Source Files</Filter>
    </ClCompile>
    <ClCompile Include="markdown_renderer.cpp">
      <Filter>Source Files</Filter>
    </ClCompile>
    <ClCompile Include="settings.cpp">
      <Filter>Source Files</Filter>
    </ClCompile>
    <ClCompile Include="theme.cpp">
      <Filter>Source Files</Filter>
    </ClCompile>
    <ClCompile Include="model_manager.cpp">
      <Filter>Source Files</Filter>
    </ClCompile>
    <ClCompile Include="server_manager.cpp">
      <Filter>Source Files</Filter>
    </ClCompile>
    <ClCompile Include="update_checker.cpp">
      <Filter>Source Files</Filter>
    </ClCompile>
    <ClCompile Include="ui_builder.cpp">
      <Filter>Source Files</Filter>
    </ClCompile>
    <ClCompile Include="model_switcher.cpp">
      <Filter>Source Files</Filter>
    </ClCompile>
    <ClCompile Include="conversation_controller.cpp">
      <Filter>Source Files</Filter>
    </ClCompile>
    <ClCompile Include="model_downloader.cpp">
      <Filter>Source Files</Filter>
    </ClCompile>
    <ClCompile Include="cmd_executor.cpp">
      <Filter>Source Files</Filter>
    </ClCompile>
    <ClCompile Include="python_runner.cpp">
      <Filter>Source Files</Filter>
    </ClCompile>
    <ClCompile Include="python_arg_policy.cpp">
      <Filter>Source Files</Filter>
    </ClCompile>
    <ClCompile Include="secrets_store.cpp">
      <Filter>Source Files</Filter>
    </ClCompile>
    <ClCompile Include="endpoint_store.cpp">
      <Filter>Source Files</Filter>
    </ClCompile>
    <ClCompile Include="connections_dialog.cpp">
      <Filter>Source Files</Filter>
    </ClCompile>
    <ClCompile Include="endpoints_dialog.cpp">
      <Filter>Source Files</Filter>
    </ClCompile>
    <ClCompile Include="tool_path.cpp">
      <Filter>Source Files</Filter>
    </ClCompile>
    <ClCompile Include="tool_read.cpp">
      <Filter>Source Files</Filter>
    </ClCompile>
    <ClCompile Include="tool_ls.cpp">
      <Filter>Source Files</Filter>
    </ClCompile>
    <ClCompile Include="tool_grep.cpp">
      <Filter>Source Files</Filter>
    </ClCompile>
    <ClCompile Include="tool_open.cpp">
      <Filter>Source Files</Filter>
    </ClCompile>
    <ClCompile Include="tool_write.cpp">
      <Filter>Source Files</Filter>
    </ClCompile>
    <ClCompile Include="tool_python_syntax.cpp">
      <Filter>Source Files</Filter>
    </ClCompile>
    <ClCompile Include="tool_mkdir.cpp">
      <Filter>Source Files</Filter>
    </ClCompile>
    <ClCompile Include="tool_edit.cpp">
      <Filter>Source Files</Filter>
    </ClCompile>
    <ClCompile Include="tool_delete.cpp">
      <Filter>Source Files</Filter>
    </ClCompile>
    <ClCompile Include="tool_notes.cpp">
      <Filter>Source Files</Filter>
    </ClCompile>
    <ClCompile Include="tool_web_fetch.cpp">
      <Filter>Source Files</Filter>
    </ClCompile>
    <ClCompile Include="tool_invocation.cpp">
      <Filter>Source Files</Filter>
    </ClCompile>
    <ClCompile Include="tool_call_parser.cpp">
      <Filter>Source Files</Filter>
    </ClCompile>
    <ClCompile Include="tool_dispatcher.cpp">
      <Filter>Source Files</Filter>
    </ClCompile>
    <ClCompile Include="tool_router.cpp">
      <Filter>Source Files</Filter>
    </ClCompile>
    <ClCompile Include="tool_protocol.cpp">
      <Filter>Source Files</Filter>
    </ClCompile>
    <ClCompile Include="command_policy.cpp">
      <Filter>Source Files</Filter>
    </ClCompile>
    <ClCompile Include="agent_controller.cpp">
      <Filter>Source Files</Filter>
    </ClCompile>
    <ClCompile Include="path_safety.cpp">
      <Filter>Source Files</Filter>
    </ClCompile>
    <ClCompile Include="project_manager.cpp">
      <Filter>Source Files</Filter>
    </ClCompile>
    <ClCompile Include="project_attach_dialog.cpp">
      <Filter>Source Files</Filter>
    </ClCompile>
    <ClCompile Include="project_status_strip.cpp">
      <Filter>Source Files</Filter>
    </ClCompile>
    <ClCompile Include="skill_authoring_support.cpp">
      <Filter>Source Files</Filter>
    </ClCompile>
    <ClCompile Include="skill_prompt_builder.cpp">
      <Filter>Source Files</Filter>
    </ClCompile>
    <ClCompile Include="goal_prompt_builder.cpp">
      <Filter>Source Files</Filter>
    </ClCompile>
    <ClCompile Include="goal_controller.cpp">
      <Filter>Source Files</Filter>
    </ClCompile>
    <ClCompile Include="skill_draft_controller.cpp">
      <Filter>Source Files</Filter>
    </ClCompile>
    <ClCompile Include="project_controller.cpp">
      <Filter>Source Files</Filter>
    </ClCompile>
    <ClCompile Include="agent_prompt_builder.cpp">
      <Filter>Source Files</Filter>
    </ClCompile>
    <ClCompile Include="goal_verifier_support.cpp">
      <Filter>Source Files</Filter>
    </ClCompile>
    <ClCompile Include="python_package_recovery.cpp">
      <Filter>Source Files</Filter>
    </ClCompile>
    <ClCompile Include="artifact_presentation.cpp">
      <Filter>Source Files</Filter>
    </ClCompile>
    <ClCompile Include="drop_import_controller.cpp">
      <Filter>Source Files</Filter>
    </ClCompile>
    <ClCompile Include="lb_string_utils.cpp">
      <Filter>Source Files</Filter>
    </ClCompile>
    <ClCompile Include="lb_update_ui.cpp">
      <Filter>Source Files</Filter>
    </ClCompile>
    <ClCompile Include="lb_project_ui_actions.cpp">
      <Filter>Source Files</Filter>
    </ClCompile>
    <ClCompile Include="lb_modal_scrim.cpp">
      <Filter>Source Files</Filter>
    </ClCompile>
    <ClCompile Include="tool_result_controller.cpp">
      <Filter>Source Files</Filter>
    </ClCompile>
    <ClCompile Include="project_context_builder.cpp">
      <Filter>Source Files</Filter>
    </ClCompile>
    <ClCompile Include="lb_input_parsers.cpp">
      <Filter>Source Files</Filter>
    </ClCompile>
    <ClCompile Include="lb_themed_dialogs.cpp">
      <Filter>Source Files</Filter>
    </ClCompile>
  </ItemGroup>
  <ItemGroup>
    <ClInclude Include="pch.h">
      <Filter>Header Files</Filter>
    </ClInclude>
    <ClInclude Include="app_state.h">
      <Filter>Header Files</Filter>
    </ClInclude>
    <ClInclude Include="app.h">
      <Filter>Header Files</Filter>
    </ClInclude>
    <ClInclude Include="conversation_registry.h">
      <Filter>Header Files</Filter>
    </ClInclude>
    <ClInclude Include="model_service.h">
      <Filter>Header Files</Filter>
    </ClInclude>
    <ClInclude Include="chat_client.h">
      <Filter>Header Files</Filter>
    </ClInclude>
    <ClInclude Include="inference_target.h">
      <Filter>Header Files</Filter>
    </ClInclude>
    <ClInclude Include="lb_ssl.h">
      <Filter>Header Files</Filter>
    </ClInclude>
    <ClInclude Include="chat_display.h">
      <Filter>Header Files</Filter>
    </ClInclude>
    <ClInclude Include="attachment_manager.h">
      <Filter>Header Files</Filter>
    </ClInclude>
    <ClInclude Include="chat_history.h">
      <Filter>Header Files</Filter>
    </ClInclude>
    <ClInclude Include="conversation_sidebar.h">
      <Filter>Header Files</Filter>
    </ClInclude>
    <ClInclude Include="markdown_renderer.h">
      <Filter>Header Files</Filter>
    </ClInclude>
    <ClInclude Include="resource.h">
      <Filter>Header Files</Filter>
    </ClInclude>
    <ClInclude Include="settings.h">
      <Filter>Header Files</Filter>
    </ClInclude>
    <ClInclude Include="theme.h">
      <Filter>Header Files</Filter>
    </ClInclude>
    <ClInclude Include="model_manager.h">
      <Filter>Header Files</Filter>
    </ClInclude>
    <ClInclude Include="server_manager.h">
      <Filter>Header Files</Filter>
    </ClInclude>
    <ClInclude Include="update_checker.h">
      <Filter>Header Files</Filter>
    </ClInclude>
    <ClInclude Include="widgets.h">
      <Filter>Header Files</Filter>
    </ClInclude>
    <ClInclude Include="ui_event_post.h">
      <Filter>Header Files</Filter>
    </ClInclude>
    <ClInclude Include="chat_input_ctrl.h">
      <Filter>Header Files</Filter>
    </ClInclude>
    <ClInclude Include="chat_display_ctrl.h">
      <Filter>Header Files</Filter>
    </ClInclude>
    <ClInclude Include="ui_builder.h">
      <Filter>Header Files</Filter>
    </ClInclude>
    <ClInclude Include="model_switcher.h">
      <Filter>Header Files</Filter>
    </ClInclude>
    <ClInclude Include="conversation_controller.h">
      <Filter>Header Files</Filter>
    </ClInclude>
    <ClInclude Include="model_downloader.h">
      <Filter>Header Files</Filter>
    </ClInclude>
    <ClInclude Include="cmd_executor.h">
      <Filter>Header Files</Filter>
    </ClInclude>
    <ClInclude Include="python_runner.h">
      <Filter>Header Files</Filter>
    </ClInclude>
    <ClInclude Include="python_arg_policy.h">
      <Filter>Header Files</Filter>
    </ClInclude>
    <ClInclude Include="secrets_store.h">
      <Filter>Header Files</Filter>
    </ClInclude>
    <ClInclude Include="endpoint_store.h">
      <Filter>Header Files</Filter>
    </ClInclude>
    <ClInclude Include="connections_dialog.h">
      <Filter>Header Files</Filter>
    </ClInclude>
    <ClInclude Include="endpoints_dialog.h">
      <Filter>Header Files</Filter>
    </ClInclude>
    <ClInclude Include="tool_context.h">
      <Filter>Header Files</Filter>
    </ClInclude>
    <ClInclude Include="tool_path.h">
      <Filter>Header Files</Filter>
    </ClInclude>
    <ClInclude Include="tool_read.h">
      <Filter>Header Files</Filter>
    </ClInclude>
    <ClInclude Include="tool_ls.h">
      <Filter>Header Files</Filter>
    </ClInclude>
    <ClInclude Include="tool_grep.h">
      <Filter>Header Files</Filter>
    </ClInclude>
    <ClInclude Include="tool_open.h">
      <Filter>Header Files</Filter>
    </ClInclude>
    <ClInclude Include="tool_write.h">
      <Filter>Header Files</Filter>
    </ClInclude>
    <ClInclude Include="tool_python_syntax.h">
      <Filter>Header Files</Filter>
    </ClInclude>
    <ClInclude Include="tool_mkdir.h">
      <Filter>Header Files</Filter>
    </ClInclude>
    <ClInclude Include="tool_edit.h">
      <Filter>Header Files</Filter>
    </ClInclude>
    <ClInclude Include="tool_delete.h">
      <Filter>Header Files</Filter>
    </ClInclude>
    <ClInclude Include="tool_notes.h">
      <Filter>Header Files</Filter>
    </ClInclude>
    <ClInclude Include="tool_web_fetch.h">
      <Filter>Header Files</Filter>
    </ClInclude>
    <ClInclude Include="tool_invocation.h">
      <Filter>Header Files</Filter>
    </ClInclude>
    <ClInclude Include="tool_call_parser.h">
      <Filter>Header Files</Filter>
    </ClInclude>
    <ClInclude Include="tool_dispatcher.h">
      <Filter>Header Files</Filter>
    </ClInclude>
    <ClInclude Include="tool_safety.h">
      <Filter>Header Files</Filter>
    </ClInclude>
    <ClInclude Include="tool_router.h">
      <Filter>Header Files</Filter>
    </ClInclude>
    <ClInclude Include="tool_protocol.h">
      <Filter>Header Files</Filter>
    </ClInclude>
    <ClInclude Include="command_policy.h">
      <Filter>Header Files</Filter>
    </ClInclude>
    <ClInclude Include="agent_controller.h">
      <Filter>Header Files</Filter>
    </ClInclude>
    <ClInclude Include="tool_block.h">
      <Filter>Header Files</Filter>
    </ClInclude>
    <ClInclude Include="agent_event.h">
      <Filter>Header Files</Filter>
    </ClInclude>
    <ClInclude Include="path_safety.h">
      <Filter>Header Files</Filter>
    </ClInclude>
    <ClInclude Include="project_manager.h">
      <Filter>Header Files</Filter>
    </ClInclude>
    <ClInclude Include="project_attach_dialog.h">
      <Filter>Header Files</Filter>
    </ClInclude>
    <ClInclude Include="project_status_strip.h">
      <Filter>Header Files</Filter>
    </ClInclude>
    <ClInclude Include="goal_state.h">
      <Filter>Header Files</Filter>
    </ClInclude>
    <ClInclude Include="lb_string_utils.h">
      <Filter>Header Files</Filter>
    </ClInclude>
    <ClInclude Include="skill_authoring_support.h">
      <Filter>Header Files</Filter>
    </ClInclude>
    <ClInclude Include="skill_prompt_builder.h">
      <Filter>Header Files</Filter>
    </ClInclude>
    <ClInclude Include="goal_prompt_builder.h">
      <Filter>Header Files</Filter>
    </ClInclude>
    <ClInclude Include="goal_controller.h">
      <Filter>Header Files</Filter>
    </ClInclude>
    <ClInclude Include="skill_draft_controller.h">
      <Filter>Header Files</Filter>
    </ClInclude>
    <ClInclude Include="project_controller.h">
      <Filter>Header Files</Filter>
    </ClInclude>
    <ClInclude Include="agent_prompt_builder.h">
      <Filter>Header Files</Filter>
    </ClInclude>
    <ClInclude Include="goal_verifier_support.h">
      <Filter>Header Files</Filter>
    </ClInclude>
    <ClInclude Include="python_package_recovery.h">
      <Filter>Header Files</Filter>
    </ClInclude>
    <ClInclude Include="artifact_presentation.h">
      <Filter>Header Files</Filter>
    </ClInclude>
    <ClInclude Include="drop_import_controller.h">
      <Filter>Header Files</Filter>
    </ClInclude>
    <ClInclude Include="lb_update_ui.h">
      <Filter>Header Files</Filter>
    </ClInclude>
    <ClInclude Include="lb_project_ui_actions.h">
      <Filter>Header Files</Filter>
    </ClInclude>
    <ClInclude Include="lb_modal_scrim.h">
      <Filter>Header Files</Filter>
    </ClInclude>
    <ClInclude Include="tool_result_controller.h">
      <Filter>Header Files</Filter>
    </ClInclude>
    <ClInclude Include="project_context_builder.h">
      <Filter>Header Files</Filter>
    </ClInclude>
    <ClInclude Include="lb_input_parsers.h">
      <Filter>Header Files</Filter>
    </ClInclude>
    <ClInclude Include="lb_themed_dialogs.h">
      <Filter>Header Files</Filter>
    </ClInclude>
  </ItemGroup>
  <ItemGroup>
    <ResourceCompile Include="LlamaBoss.rc">
      <Filter>Resource Files</Filter>
    </ResourceCompile>
  </ItemGroup>
  <ItemGroup>
    <Image Include="app_icon.ico">
      <Filter>Resource Files</Filter>
    </Image>
  </ItemGroup>
</Project>